<Solution>
  <Project Path="examples/Azure.Monitor.OpenTelemetry.AspNetCore.Demo/Azure.Monitor.OpenTelemetry.AspNetCore.Demo.csproj" />
  <Project Path="test/Microsoft.OpenTelemetry.Agent365.Tests/Microsoft.OpenTelemetry.Agent365.Tests.csproj" />
  <Project Path="test/Microsoft.OpenTelemetry.AzureMonitor.Tests/Microsoft.OpenTelemetry.AzureMonitor.Tests.csproj" />
  <Project Path="src/Microsoft.OpenTelemetry/Microsoft.OpenTelemetry.csproj" />
</Solution>
